
Microsoft Visual Studio Solution File, Format Version 12.00
# Visual Studio 14
VisualStudioVersion = 14.0.25420.1
MinimumVisualStudioVersion = 10.0.40219.1
Project("{FAE04EC0-301F-11D3-BF4B-00C04F79EFBC}") = "CRM", "CRM\CRM.csproj", "{B53AE015-EF29-4E45-A45A-1B45BBC1942E}"
EndProject
Project("{FAE04EC0-301F-11D3-BF4B-00C04F79EFBC}") = "BUS", "BUS\BUS.csproj", "{0F4B0611-BEF5-4490-B8CB-06CF2A816AA1}"
EndProject
Project("{FAE04EC0-301F-11D3-BF4B-00C04F79EFBC}") = "DAO", "DAO\DAO.csproj", "{6AB41579-68E7-423E-BC7F-C8A1765DFC79}"
EndProject
Project("{FAE04EC0-301F-11D3-BF4B-00C04F79EFBC}") = "Entities", "Entities\Entities.csproj", "{A43AA125-082D-42D8-A595-6D08A5B0A1ED}"
EndProject
Global
	GlobalSection(SolutionConfigurationPlatforms) = preSolution
		Debug|Any CPU = Debug|Any CPU
		Release|Any CPU = Release|Any CPU
	EndGlobalSection
	GlobalSection(ProjectConfigurationPlatforms) = postSolution
		{B53AE015-EF29-4E45-A45A-1B45BBC1942E}.Debug|Any CPU.ActiveCfg = Debug|Any CPU
		{B53AE015-EF29-4E45-A45A-1B45BBC1942E}.Debug|Any CPU.Build.0 = Debug|Any CPU
		{B53AE015-EF29-4E45-A45A-1B45BBC1942E}.Release|Any CPU.ActiveCfg = Release|Any CPU
		{B53AE015-EF29-4E45-A45A-1B45BBC1942E}.Release|Any CPU.Build.0 = Release|Any CPU
		{0F4B0611-BEF5-4490-B8CB-06CF2A816AA1}.Debug|Any CPU.ActiveCfg = Debug|Any CPU
		{0F4B0611-BEF5-4490-B8CB-06CF2A816AA1}.Debug|Any CPU.Build.0 = Debug|Any CPU
		{0F4B0611-BEF5-4490-B8CB-06CF2A816AA1}.Release|Any CPU.ActiveCfg = Release|Any CPU
		{0F4B0611-BEF5-4490-B8CB-06CF2A816AA1}.Release|Any CPU.Build.0 = Release|Any CPU
		{6AB41579-68E7-423E-BC7F-C8A1765DFC79}.Debug|Any CPU.ActiveCfg = Debug|Any CPU
		{6AB41579-68E7-423E-BC7F-C8A1765DFC79}.Debug|Any CPU.Build.0 = Debug|Any CPU
		{6AB41579-68E7-423E-BC7F-C8A1765DFC79}.Release|Any CPU.ActiveCfg = Release|Any CPU
		{6AB41579-68E7-423E-BC7F-C8A1765DFC79}.Release|Any CPU.Build.0 = Release|Any CPU
		{A43AA125-082D-42D8-A595-6D08A5B0A1ED}.Debug|Any CPU.ActiveCfg = Debug|Any CPU
		{A43AA125-082D-42D8-A595-6D08A5B0A1ED}.Debug|Any CPU.Build.0 = Debug|Any CPU
		{A43AA125-082D-42D8-A595-6D08A5B0A1ED}.Release|Any CPU.ActiveCfg = Release|Any CPU
		{A43AA125-082D-42D8-A595-6D08A5B0A1ED}.Release|Any CPU.Build.0 = Release|Any CPU
	EndGlobalSection
	GlobalSection(SolutionProperties) = preSolution
		HideSolutionNode = FALSE
	EndGlobalSection
EndGlobal
